
Microsoft Visual Studio Solution File, Format Version 12.00
# Visual Studio 15
VisualStudioVersion = 15.0.27703.2026
MinimumVisualStudioVersion = 10.0.40219.1
Project("{A07B5EB6-E848-4116-A8D0-A826331D98C6}") = "VotingApplication", "VotingApplication\VotingApplication.sfproj", "{D08C6760-96FA-4A66-859D-B12D8D4147CC}"
EndProject
Project("{FAE04EC0-301F-11D3-BF4B-00C04F79EFBC}") = "VotingData", "VotingData\VotingData.csproj", "{BD61999D-2507-4C0E-9214-9DB19FE37AD8}"
EndProject
Project("{FAE04EC0-301F-11D3-BF4B-00C04F79EFBC}") = "VotingWeb", "VotingWeb\VotingWeb.csproj", "{7D98B68C-26F5-4091-A934-E27F9EA35F4D}"
EndProject
Global
	GlobalSection(SolutionConfigurationPlatforms) = preSolution
		Debug|Any CPU = Debug|Any CPU
		Debug|x64 = Debug|x64
		Release|Any CPU = Release|Any CPU
		Release|x64 = Release|x64
	EndGlobalSection
	GlobalSection(ProjectConfigurationPlatforms) = postSolution
		{D08C6760-96FA-4A66-859D-B12D8D4147CC}.Debug|Any CPU.ActiveCfg = Debug|x64
		{D08C6760-96FA-4A66-859D-B12D8D4147CC}.Debug|x64.ActiveCfg = Debug|x64
		{D08C6760-96FA-4A66-859D-B12D8D4147CC}.Debug|x64.Build.0 = Debug|x64
		{D08C6760-96FA-4A66-859D-B12D8D4147CC}.Debug|x64.Deploy.0 = Debug|x64
		{D08C6760-96FA-4A66-859D-B12D8D4147CC}.Release|Any CPU.ActiveCfg = Release|x64
		{D08C6760-96FA-4A66-859D-B12D8D4147CC}.Release|x64.ActiveCfg = Release|x64
		{D08C6760-96FA-4A66-859D-B12D8D4147CC}.Release|x64.Build.0 = Release|x64
		{D08C6760-96FA-4A66-859D-B12D8D4147CC}.Release|x64.Deploy.0 = Release|x64
		{BD61999D-2507-4C0E-9214-9DB19FE37AD8}.Debug|Any CPU.ActiveCfg = Debug|Any CPU
		{BD61999D-2507-4C0E-9214-9DB19FE37AD8}.Debug|Any CPU.Build.0 = Debug|Any CPU
		{BD61999D-2507-4C0E-9214-9DB19FE37AD8}.Debug|x64.ActiveCfg = Debug|Any CPU
		{BD61999D-2507-4C0E-9214-9DB19FE37AD8}.Debug|x64.Build.0 = Debug|Any CPU
		{BD61999D-2507-4C0E-9214-9DB19FE37AD8}.Release|Any CPU.ActiveCfg = Release|Any CPU
		{BD61999D-2507-4C0E-9214-9DB19FE37AD8}.Release|Any CPU.Build.0 = Release|Any CPU
		{BD61999D-2507-4C0E-9214-9DB19FE37AD8}.Release|x64.ActiveCfg = Release|Any CPU
		{BD61999D-2507-4C0E-9214-9DB19FE37AD8}.Release|x64.Build.0 = Release|Any CPU
		{7D98B68C-26F5-4091-A934-E27F9EA35F4D}.Debug|Any CPU.ActiveCfg = Debug|Any CPU
		{7D98B68C-26F5-4091-A934-E27F9EA35F4D}.Debug|Any CPU.Build.0 = Debug|Any CPU
		{7D98B68C-26F5-4091-A934-E27F9EA35F4D}.Debug|x64.ActiveCfg = Debug|Any CPU
		{7D98B68C-26F5-4091-A934-E27F9EA35F4D}.Debug|x64.Build.0 = Debug|Any CPU
		{7D98B68C-26F5-4091-A934-E27F9EA35F4D}.Release|Any CPU.ActiveCfg = Release|Any CPU
		{7D98B68C-26F5-4091-A934-E27F9EA35F4D}.Release|Any CPU.Build.0 = Release|Any CPU
		{7D98B68C-26F5-4091-A934-E27F9EA35F4D}.Release|x64.ActiveCfg = Release|Any CPU
		{7D98B68C-26F5-4091-A934-E27F9EA35F4D}.Release|x64.Build.0 = Release|Any CPU
	EndGlobalSection
	GlobalSection(SolutionProperties) = preSolution
		HideSolutionNode = FALSE
	EndGlobalSection
	GlobalSection(ExtensibilityGlobals) = postSolution
		SolutionGuid = {F5A9AC52-71D5-4892-AF46-E38C7613BE7A}
	EndGlobalSection
EndGlobal
